// !$*UTF8*$!
{
	archiveVersion = 1;
	classes = {
	};
	objectVersion = 50;
	objects = {

/* Begin PBXBuildFile section */
		5E1B941827BAB4BA006F0072 /* kitType.swift in Sources */ = {isa = PBXBuildFile; fileRef = 5E1B941527BAB4B9006F0072 /* kitType.swift */; };
		5E1B941927BAB4BA006F0072 /* kitInfo.swift in Sources */ = {isa = PBXBuildFile; fileRef = 5E1B941627BAB4B9006F0072 /* kitInfo.swift */; };
		5E1B941A27BAB4BA006F0072 /* ContentView.swift in Sources */ = {isa = PBXBuildFile; fileRef = 5E1B941727BAB4B9006F0072 /* ContentView.swift */; };
		5E1B942227BAB4C4006F0072 /* ApiError.swift in Sources */ = {isa = PBXBuildFile; fileRef = 5E1B941D27BAB4C4006F0072 /* ApiError.swift */; };
		5E1B942327BAB4C4006F0072 /* APIService.swift in Sources */ = {isa = PBXBuildFile; fileRef = 5E1B941E27BAB4C4006F0072 /* APIService.swift */; };
		5E1B942627BAB4C5006F0072 /* dataFetcher.swift in Sources */ = {isa = PBXBuildFile; fileRef = 5E1B942127BAB4C4006F0072 /* dataFetcher.swift */; };
		5E1B942C27BAB4D0006F0072 /* KitListView.swift in Sources */ = {isa = PBXBuildFile; fileRef = 5E1B942927BAB4D0006F0072 /* KitListView.swift */; };
		5E1B942D27BAB4D0006F0072 /* LoadingView.swift in Sources */ = {isa = PBXBuildFile; fileRef = 5E1B942A27BAB4D0006F0072 /* LoadingView.swift */; };
		5E1B942E27BAB4D0006F0072 /* ErrorView.swift in Sources */ = {isa = PBXBuildFile; fileRef = 5E1B942B27BAB4D0006F0072 /* ErrorView.swift */; };
		5E6ECDDA27BA6185001C842E /* iSpaceApp.swift in Sources */ = {isa = PBXBuildFile; fileRef = 5E6ECDD927BA6185001C842E /* iSpaceApp.swift */; };
		5E6ECDDE27BA618A001C842E /* Assets.xcassets in Resources */ = {isa = PBXBuildFile; fileRef = 5E6ECDDD27BA618A001C842E /* Assets.xcassets */; };
		5E6ECDE127BA618A001C842E /* Preview Assets.xcassets in Resources */ = {isa = PBXBuildFile; fileRef = 5E6ECDE027BA618A001C842E /* Preview Assets.xcassets */; };
		5EA2A8A327BE8D2F008EBD0B /* KitRow.swift in Sources */ = {isa = PBXBuildFile; fileRef = 5EA2A8A227BE8D2F008EBD0B /* KitRow.swift */; };
		5EA2A8A627BE8E44008EBD0B /* KitDetail.swift in Sources */ = {isa = PBXBuildFile; fileRef = 5EA2A8A527BE8E44008EBD0B /* KitDetail.swift */; };
		5EF2B76027FF1CBD0006F6BD /* BottomBar.swift in Sources */ = {isa = PBXBuildFile; fileRef = 5EF2B75F27FF1CBD0006F6BD /* BottomBar.swift */; };
		5EF2B76227FF1D350006F6BD /* BottomBarItem.swift in Sources */ = {isa = PBXBuildFile; fileRef = 5EF2B76127FF1D350006F6BD /* BottomBarItem.swift */; };
		5EF2B76427FF1DB70006F6BD /* ButtomBarItemView.swift in Sources */ = {isa = PBXBuildFile; fileRef = 5EF2B76327FF1DB70006F6BD /* ButtomBarItemView.swift */; };
		5EF2B76627FF39BD0006F6BD /* HomeTutFormView.swift in Sources */ = {isa = PBXBuildFile; fileRef = 5EF2B76527FF39BC0006F6BD /* HomeTutFormView.swift */; };
/* End PBXBuildFile section */

/* Begin PBXFileReference section */
		5E1B941527BAB4B9006F0072 /* kitType.swift */ = {isa = PBXFileReference; fileEncoding = 4; lastKnownFileType = sourcecode.swift; path = kitType.swift; sourceTree = "<group>"; };
		5E1B941627BAB4B9006F0072 /* kitInfo.swift */ = {isa = PBXFileReference; fileEncoding = 4; lastKnownFileType = sourcecode.swift; path = kitInfo.swift; sourceTree = "<group>"; };
		5E1B941727BAB4B9006F0072 /* ContentView.swift */ = {isa = PBXFileReference; fileEncoding = 4; lastKnownFileType = sourcecode.swift; path = ContentView.swift; sourceTree = "<group>"; };
		5E1B941D27BAB4C4006F0072 /* ApiError.swift */ = {isa = PBXFileReference; fileEncoding = 4; lastKnownFileType = sourcecode.swift; path = ApiError.swift; sourceTree = "<group>"; };
		5E1B941E27BAB4C4006F0072 /* APIService.swift */ = {isa = PBXFileReference; fileEncoding = 4; lastKnownFileType = sourcecode.swift; path = APIService.swift; sourceTree = "<group>"; };
		5E1B942127BAB4C4006F0072 /* dataFetcher.swift */ = {isa = PBXFileReference; fileEncoding = 4; lastKnownFileType = sourcecode.swift; path = dataFetcher.swift; sourceTree = "<group>"; };
		5E1B942927BAB4D0006F0072 /* KitListView.swift */ = {isa = PBXFileReference; fileEncoding = 4; lastKnownFileType = sourcecode.swift; path = KitListView.swift; sourceTree = "<group>"; };
		5E1B942A27BAB4D0006F0072 /* LoadingView.swift */ = {isa = PBXFileReference; fileEncoding = 4; lastKnownFileType = sourcecode.swift; path = LoadingView.swift; sourceTree = "<group>"; };
		5E1B942B27BAB4D0006F0072 /* ErrorView.swift */ = {isa = PBXFileReference; fileEncoding = 4; lastKnownFileType = sourcecode.swift; path = ErrorView.swift; sourceTree = "<group>"; };
		5E6ECDD627BA6185001C842E /* iSpace.app */ = {isa = PBXFileReference; explicitFileType = wrapper.application; includeInIndex = 0; path = iSpace.app; sourceTree = BUILT_PRODUCTS_DIR; };
		5E6ECDD927BA6185001C842E /* iSpaceApp.swift */ = {isa = PBXFileReference; lastKnownFileType = sourcecode.swift; path = iSpaceApp.swift; sourceTree = "<group>"; };
		5E6ECDDD27BA618A001C842E /* Assets.xcassets */ = {isa = PBXFileReference; lastKnownFileType = folder.assetcatalog; path = Assets.xcassets; sourceTree = "<group>"; };
		5E6ECDE027BA618A001C842E /* Preview Assets.xcassets */ = {isa = PBXFileReference; lastKnownFileType = folder.assetcatalog; path = "Preview Assets.xcassets"; sourceTree = "<group>"; };
		5E6ECDE227BA618A001C842E /* Info.plist */ = {isa = PBXFileReference; lastKnownFileType = text.plist.xml; path = Info.plist; sourceTree = "<group>"; };
		5EA2A8A227BE8D2F008EBD0B /* KitRow.swift */ = {isa = PBXFileReference; lastKnownFileType = sourcecode.swift; path = KitRow.swift; sourceTree = "<group>"; };
		5EA2A8A527BE8E44008EBD0B /* KitDetail.swift */ = {isa = PBXFileReference; lastKnownFileType = sourcecode.swift; path = KitDetail.swift; sourceTree = "<group>"; };
		5EF2B75F27FF1CBD0006F6BD /* BottomBar.swift */ = {isa = PBXFileReference; lastKnownFileType = sourcecode.swift; path = BottomBar.swift; sourceTree = "<group>"; };
		5EF2B76127FF1D350006F6BD /* BottomBarItem.swift */ = {isa = PBXFileReference; lastKnownFileType = sourcecode.swift; path = BottomBarItem.swift; sourceTree = "<group>"; };
		5EF2B76327FF1DB70006F6BD /* ButtomBarItemView.swift */ = {isa = PBXFileReference; lastKnownFileType = sourcecode.swift; path = ButtomBarItemView.swift; sourceTree = "<group>"; };
		5EF2B76527FF39BC0006F6BD /* HomeTutFormView.swift */ = {isa = PBXFileReference; lastKnownFileType = sourcecode.swift; path = HomeTutFormView.swift; sourceTree = "<group>"; };
/* End PBXFileReference section */

/* Begin PBXFrameworksBuildPhase section */
		5E6ECDD327BA6185001C842E /* Frameworks */ = {
			isa = PBXFrameworksBuildPhase;
			buildActionMask = 2147483647;
			files = (
			);
			runOnlyForDeploymentPostprocessing = 0;
		};
/* End PBXFrameworksBuildPhase section */

/* Begin PBXGroup section */
		5E1B941427BAB4B9006F0072 /* model */ = {
			isa = PBXGroup;
			children = (
				5E1B941527BAB4B9006F0072 /* kitType.swift */,
				5E1B941627BAB4B9006F0072 /* kitInfo.swift */,
				5EF2B76127FF1D350006F6BD /* BottomBarItem.swift */,
				5E1B941727BAB4B9006F0072 /* ContentView.swift */,
			);
			path = model;
			sourceTree = "<group>";
		};
		5E1B941C27BAB4C4006F0072 /* networking */ = {
			isa = PBXGroup;
			children = (
				5E1B941D27BAB4C4006F0072 /* ApiError.swift */,
				5E1B941E27BAB4C4006F0072 /* APIService.swift */,
				5E1B942127BAB4C4006F0072 /* dataFetcher.swift */,
			);
			path = networking;
			sourceTree = "<group>";
		};
		5E1B942827BAB4D0006F0072 /* view */ = {
			isa = PBXGroup;
			children = (
				5E1B942927BAB4D0006F0072 /* KitListView.swift */,
				5E1B942A27BAB4D0006F0072 /* LoadingView.swift */,
				5E1B942B27BAB4D0006F0072 /* ErrorView.swift */,
				5EA2A8A227BE8D2F008EBD0B /* KitRow.swift */,
				5EA2A8A527BE8E44008EBD0B /* KitDetail.swift */,
				5EF2B75F27FF1CBD0006F6BD /* BottomBar.swift */,
				5EF2B76327FF1DB70006F6BD /* ButtomBarItemView.swift */,
				5EF2B76527FF39BC0006F6BD /* HomeTutFormView.swift */,
			);
			name = view;
			path = iSpace/view;
			sourceTree = SOURCE_ROOT;
		};
		5E6ECDCD27BA6185001C842E = {
			isa = PBXGroup;
			children = (
				5E6ECDD827BA6185001C842E /* iSpace */,
				5E6ECDD727BA6185001C842E /* Products */,
			);
			sourceTree = "<group>";
		};
		5E6ECDD727BA6185001C842E /* Products */ = {
			isa = PBXGroup;
			children = (
				5E6ECDD627BA6185001C842E /* iSpace.app */,
			);
			name = Products;
			sourceTree = "<group>";
		};
		5E6ECDD827BA6185001C842E /* iSpace */ = {
			isa = PBXGroup;
			children = (
				5E1B942827BAB4D0006F0072 /* view */,
				5E6ECDD927BA6185001C842E /* iSpaceApp.swift */,
				5E6ECDDD27BA618A001C842E /* Assets.xcassets */,
				5E6ECDE227BA618A001C842E /* Info.plist */,
				5E1B941427BAB4B9006F0072 /* model */,
				5E1B941C27BAB4C4006F0072 /* networking */,
				5E6ECDDF27BA618A001C842E /* Preview Content */,
			);
			path = iSpace;
			sourceTree = "<group>";
		};
		5E6ECDDF27BA618A001C842E /* Preview Content */ = {
			isa = PBXGroup;
			children = (
				5E6ECDE027BA618A001C842E /* Preview Assets.xcassets */,
			);
			path = "Preview Content";
			sourceTree = "<group>";
		};
/* End PBXGroup section */

/* Begin PBXNativeTarget section */
		5E6ECDD527BA6185001C842E /* iSpace */ = {
			isa = PBXNativeTarget;
			buildConfigurationList = 5E6ECDE527BA618A001C842E /* Build configuration list for PBXNativeTarget "iSpace" */;
			buildPhases = (
				5E6ECDD227BA6185001C842E /* Sources */,
				5E6ECDD327BA6185001C842E /* Frameworks */,
				5E6ECDD427BA6185001C842E /* Resources */,
			);
			buildRules = (
			);
			dependencies = (
			);
			name = iSpace;
			productName = iSpace;
			productReference = 5E6ECDD627BA6185001C842E /* iSpace.app */;
			productType = "com.apple.product-type.application";
		};
/* End PBXNativeTarget section */

/* Begin PBXProject section */
		5E6ECDCE27BA6185001C842E /* Project object */ = {
			isa = PBXProject;
			attributes = {
				LastSwiftUpdateCheck = 1200;
				LastUpgradeCheck = 1200;
				TargetAttributes = {
					5E6ECDD527BA6185001C842E = {
						CreatedOnToolsVersion = 12.0.1;
					};
				};
			};
			buildConfigurationList = 5E6ECDD127BA6185001C842E /* Build configuration list for PBXProject "iSpace" */;
			compatibilityVersion = "Xcode 9.3";
			developmentRegion = en;
			hasScannedForEncodings = 0;
			knownRegions = (
				en,
				Base,
			);
			mainGroup = 5E6ECDCD27BA6185001C842E;
			productRefGroup = 5E6ECDD727BA6185001C842E /* Products */;
			projectDirPath = "";
			projectRoot = "";
			targets = (
				5E6ECDD527BA6185001C842E /* iSpace */,
			);
		};
/* End PBXProject section */

/* Begin PBXResourcesBuildPhase section */
		5E6ECDD427BA6185001C842E /* Resources */ = {
			isa = PBXResourcesBuildPhase;
			buildActionMask = 2147483647;
			files = (
				5E6ECDE127BA618A001C842E /* Preview Assets.xcassets in Resources */,
				5E6ECDDE27BA618A001C842E /* Assets.xcassets in Resources */,
			);
			runOnlyForDeploymentPostprocessing = 0;
		};
/* End PBXResourcesBuildPhase section */

/* Begin PBXSourcesBuildPhase section */
		5E6ECDD227BA6185001C842E /* Sources */ = {
			isa = PBXSourcesBuildPhase;
			buildActionMask = 2147483647;
			files = (
				5E1B941927BAB4BA006F0072 /* kitInfo.swift in Sources */,
				5EF2B76227FF1D350006F6BD /* BottomBarItem.swift in Sources */,
				5E1B942327BAB4C4006F0072 /* APIService.swift in Sources */,
				5E1B941A27BAB4BA006F0072 /* ContentView.swift in Sources */,
				5E1B942D27BAB4D0006F0072 /* LoadingView.swift in Sources */,
				5EF2B76627FF39BD0006F6BD /* HomeTutFormView.swift in Sources */,
				5EA2A8A327BE8D2F008EBD0B /* KitRow.swift in Sources */,
				5EA2A8A627BE8E44008EBD0B /* KitDetail.swift in Sources */,
				5E1B942627BAB4C5006F0072 /* dataFetcher.swift in Sources */,
				5E1B941827BAB4BA006F0072 /* kitType.swift in Sources */,
				5E1B942C27BAB4D0006F0072 /* KitListView.swift in Sources */,
				5E6ECDDA27BA6185001C842E /* iSpaceApp.swift in Sources */,
				5EF2B76427FF1DB70006F6BD /* ButtomBarItemView.swift in Sources */,
				5EF2B76027FF1CBD0006F6BD /* BottomBar.swift in Sources */,
				5E1B942E27BAB4D0006F0072 /* ErrorView.swift in Sources */,
				5E1B942227BAB4C4006F0072 /* ApiError.swift in Sources */,
			);
			runOnlyForDeploymentPostprocessing = 0;
		};
/* End PBXSourcesBuildPhase section */

/* Begin XCBuildConfiguration section */
		5E6ECDE327BA618A001C842E /* Debug */ = {
			isa = XCBuildConfiguration;
			buildSettings = {
				ALWAYS_SEARCH_USER_PATHS = NO;
				CLANG_ANALYZER_NONNULL = YES;
				CLANG_ANALYZER_NUMBER_OBJECT_CONVERSION = YES_AGGRESSIVE;
				CLANG_CXX_LANGUAGE_STANDARD = "gnu++14";
				CLANG_CXX_LIBRARY = "libc++";
				CLANG_ENABLE_MODULES = YES;
				CLANG_ENABLE_OBJC_ARC = YES;
				CLANG_ENABLE_OBJC_WEAK = YES;
				CLANG_WARN_BLOCK_CAPTURE_AUTORELEASING = YES;
				CLANG_WARN_BOOL_CONVERSION = YES;
				CLANG_WARN_COMMA = YES;
				CLANG_WARN_CONSTANT_CONVERSION = YES;
				CLANG_WARN_DEPRECATED_OBJC_IMPLEMENTATIONS = YES;
				CLANG_WARN_DIRECT_OBJC_ISA_USAGE = YES_ERROR;
				CLANG_WARN_DOCUMENTATION_COMMENTS = YES;
				CLANG_WARN_EMPTY_BODY = YES;
				CLANG_WARN_ENUM_CONVERSION = YES;
				CLANG_WARN_INFINITE_RECURSION = YES;
				CLANG_WARN_INT_CONVERSION = YES;
				CLANG_WARN_NON_LITERAL_NULL_CONVERSION = YES;
				CLANG_WARN_OBJC_IMPLICIT_RETAIN_SELF = YES;
				CLANG_WARN_OBJC_LITERAL_CONVERSION = YES;
				CLANG_WARN_OBJC_ROOT_CLASS = YES_ERROR;
				CLANG_WARN_QUOTED_INCLUDE_IN_FRAMEWORK_HEADER = YES;
				CLANG_WARN_RANGE_LOOP_ANALYSIS = YES;
				CLANG_WARN_STRICT_PROTOTYPES = YES;
				CLANG_WARN_SUSPICIOUS_MOVE = YES;
				CLANG_WARN_UNGUARDED_AVAILABILITY = YES_AGGRESSIVE;
				CLANG_WARN_UNREACHABLE_CODE = YES;
				CLANG_WARN__DUPLICATE_METHOD_MATCH = YES;
				COPY_PHASE_STRIP = NO;
				DEBUG_INFORMATION_FORMAT = dwarf;
				ENABLE_STRICT_OBJC_MSGSEND = YES;
				ENABLE_TESTABILITY = YES;
				GCC_C_LANGUAGE_STANDARD = gnu11;
				GCC_DYNAMIC_NO_PIC = NO;
				GCC_NO_COMMON_BLOCKS = YES;
				GCC_OPTIMIZATION_LEVEL = 0;
				GCC_PREPROCESSOR_DEFINITIONS = (
					"DEBUG=1",
					"$(inherited)",
				);
				GCC_WARN_64_TO_32_BIT_CONVERSION = YES;
				GCC_WARN_ABOUT_RETURN_TYPE = YES_ERROR;
				GCC_WARN_UNDECLARED_SELECTOR = YES;
				GCC_WARN_UNINITIALIZED_AUTOS = YES_AGGRESSIVE;
				GCC_WARN_UNUSED_FUNCTION = YES;
				GCC_WARN_UNUSED_VARIABLE = YES;
				IPHONEOS_DEPLOYMENT_TARGET = 14.0;
				MTL_ENABLE_DEBUG_INFO = INCLUDE_SOURCE;
				MTL_FAST_MATH = YES;
				ONLY_ACTIVE_ARCH = YES;
				SDKROOT = iphoneos;
				SWIFT_ACTIVE_COMPILATION_CONDITIONS = DEBUG;
				SWIFT_OPTIMIZATION_LEVEL = "-Onone";
			};
			name = Debug;
		};
		5E6ECDE427BA618A001C842E /* Release */ = {
			isa = XCBuildConfiguration;
			buildSettings = {
				ALWAYS_SEARCH_USER_PATHS = NO;
				CLANG_ANALYZER_NONNULL = YES;
				CLANG_ANALYZER_NUMBER_OBJECT_CONVERSION = YES_AGGRESSIVE;
				CLANG_CXX_LANGUAGE_STANDARD = "gnu++14";
				CLANG_CXX_LIBRARY = "libc++";
				CLANG_ENABLE_MODULES = YES;
				CLANG_ENABLE_OBJC_ARC = YES;
				CLANG_ENABLE_OBJC_WEAK = YES;
				CLANG_WARN_BLOCK_CAPTURE_AUTORELEASING = YES;
				CLANG_WARN_BOOL_CONVERSION = YES;
				CLANG_WARN_COMMA = YES;
				CLANG_WARN_CONSTANT_CONVERSION = YES;
				CLANG_WARN_DEPRECATED_OBJC_IMPLEMENTATIONS = YES;
				CLANG_WARN_DIRECT_OBJC_ISA_USAGE = YES_ERROR;
				CLANG_WARN_DOCUMENTATION_COMMENTS = YES;
				CLANG_WARN_EMPTY_BODY = YES;
				CLANG_WARN_ENUM_CONVERSION = YES;
				CLANG_WARN_INFINITE_RECURSION = YES;
				CLANG_WARN_INT_CONVERSION = YES;
				CLANG_WARN_NON_LITERAL_NULL_CONVERSION = YES;
				CLANG_WARN_OBJC_IMPLICIT_RETAIN_SELF = YES;
				CLANG_WARN_OBJC_LITERAL_CONVERSION = YES;
				CLANG_WARN_OBJC_ROOT_CLASS = YES_ERROR;
				CLANG_WARN_QUOTED_INCLUDE_IN_FRAMEWORK_HEADER = YES;
				CLANG_WARN_RANGE_LOOP_ANALYSIS = YES;
				CLANG_WARN_STRICT_PROTOTYPES = YES;
				CLANG_WARN_SUSPICIOUS_MOVE = YES;
				CLANG_WARN_UNGUARDED_AVAILABILITY = YES_AGGRESSIVE;
				CLANG_WARN_UNREACHABLE_CODE = YES;
				CLANG_WARN__DUPLICATE_METHOD_MATCH = YES;
				COPY_PHASE_STRIP = NO;
				DEBUG_INFORMATION_FORMAT = "dwarf-with-dsym";
				ENABLE_NS_ASSERTIONS = NO;
				ENABLE_STRICT_OBJC_MSGSEND = YES;
				GCC_C_LANGUAGE_STANDARD = gnu11;
				GCC_NO_COMMON_BLOCKS = YES;
				GCC_WARN_64_TO_32_BIT_CONVERSION = YES;
				GCC_WARN_ABOUT_RETURN_TYPE = YES_ERROR;
				GCC_WARN_UNDECLARED_SELECTOR = YES;
				GCC_WARN_UNINITIALIZED_AUTOS = YES_AGGRESSIVE;
				GCC_WARN_UNUSED_FUNCTION = YES;
				GCC_WARN_UNUSED_VARIABLE = YES;
				IPHONEOS_DEPLOYMENT_TARGET = 14.0;
				MTL_ENABLE_DEBUG_INFO = NO;
				MTL_FAST_MATH = YES;
				SDKROOT = iphoneos;
				SWIFT_COMPILATION_MODE = wholemodule;
				SWIFT_OPTIMIZATION_LEVEL = "-O";
				VALIDATE_PRODUCT = YES;
			};
			name = Release;
		};
		5E6ECDE627BA618A001C842E /* Debug */ = {
			isa = XCBuildConfiguration;
			buildSettings = {
				ASSETCATALOG_COMPILER_APPICON_NAME = AppIcon;
				ASSETCATALOG_COMPILER_GLOBAL_ACCENT_COLOR_NAME = AccentColor;
				CODE_SIGN_STYLE = Automatic;
				DEVELOPMENT_ASSET_PATHS = "\"iSpace/Preview Content\"";
				DEVELOPMENT_TEAM = 99T7X23463;
				ENABLE_PREVIEWS = YES;
				INFOPLIST_FILE = iSpace/Info.plist;
				IPHONEOS_DEPLOYMENT_TARGET = 14.0;
				LD_RUNPATH_SEARCH_PATHS = (
					"$(inherited)",
					"@executable_path/Frameworks",
				);
				PRODUCT_BUNDLE_IDENTIFIER = Oluwakemi.Onajinrin.iSpace;
				PRODUCT_NAME = "$(TARGET_NAME)";
				SWIFT_VERSION = 5.0;
				TARGETED_DEVICE_FAMILY = "1,2";
			};
			name = Debug;
		};
		5E6ECDE727BA618A001C842E /* Release */ = {
			isa = XCBuildConfiguration;
			buildSettings = {
				ASSETCATALOG_COMPILER_APPICON_NAME = AppIcon;
				ASSETCATALOG_COMPILER_GLOBAL_ACCENT_COLOR_NAME = AccentColor;
				CODE_SIGN_STYLE = Automatic;
				DEVELOPMENT_ASSET_PATHS = "\"iSpace/Preview Content\"";
				DEVELOPMENT_TEAM = 99T7X23463;
				ENABLE_PREVIEWS = YES;
				INFOPLIST_FILE = iSpace/Info.plist;
				IPHONEOS_DEPLOYMENT_TARGET = 14.0;
				LD_RUNPATH_SEARCH_PATHS = (
					"$(inherited)",
					"@executable_path/Frameworks",
				);
				PRODUCT_BUNDLE_IDENTIFIER = Oluwakemi.Onajinrin.iSpace;
				PRODUCT_NAME = "$(TARGET_NAME)";
				SWIFT_VERSION = 5.0;
				TARGETED_DEVICE_FAMILY = "1,2";
			};
			name = Release;
		};
/* End XCBuildConfiguration section */

/* Begin XCConfigurationList section */
		5E6ECDD127BA6185001C842E /* Build configuration list for PBXProject "iSpace" */ = {
			isa = XCConfigurationList;
			buildConfigurations = (
				5E6ECDE327BA618A001C842E /* Debug */,
				5E6ECDE427BA618A001C842E /* Release */,
			);
			defaultConfigurationIsVisible = 0;
			defaultConfigurationName = Release;
		};
		5E6ECDE527BA618A001C842E /* Build configuration list for PBXNativeTarget "iSpace" */ = {
			isa = XCConfigurationList;
			buildConfigurations = (
				5E6ECDE627BA618A001C842E /* Debug */,
				5E6ECDE727BA618A001C842E /* Release */,
			);
			defaultConfigurationIsVisible = 0;
			defaultConfigurationName = Release;
		};
/* End XCConfigurationList section */
	};
	rootObject = 5E6ECDCE27BA6185001C842E /* Project object */;
}
